
Microsoft Visual Studio Solution File, Format Version 12.00
# Visual Studio Version 16
VisualStudioVersion = 16.0.30611.23
MinimumVisualStudioVersion = 10.0.40219.1
Project("{8BC9CEB8-8B4A-11D0-8D11-00A0C91BC942}") = "Chapter-3", "Chapter-3\Chapter-3.vcxproj", "{BA975D9D-7A54-47B1-81E1-E59F971ECE29}"
EndProject
Global
	GlobalSection(SolutionConfigurationPlatforms) = preSolution
		Debug|x64 = Debug|x64
		Debug|x86 = Debug|x86
		Release|x64 = Release|x64
		Release|x86 = Release|x86
	EndGlobalSection
	GlobalSection(ProjectConfigurationPlatforms) = postSolution
		{BA975D9D-7A54-47B1-81E1-E59F971ECE29}.Debug|x64.ActiveCfg = Debug|x64
		{BA975D9D-7A54-47B1-81E1-E59F971ECE29}.Debug|x64.Build.0 = Debug|x64
		{BA975D9D-7A54-47B1-81E1-E59F971ECE29}.Debug|x86.ActiveCfg = Debug|Win32
		{BA975D9D-7A54-47B1-81E1-E59F971ECE29}.Debug|x86.Build.0 = Debug|Win32
		{BA975D9D-7A54-47B1-81E1-E59F971ECE29}.Release|x64.ActiveCfg = Release|x64
		{BA975D9D-7A54-47B1-81E1-E59F971ECE29}.Release|x64.Build.0 = Release|x64
		{BA975D9D-7A54-47B1-81E1-E59F971ECE29}.Release|x86.ActiveCfg = Release|Win32
		{BA975D9D-7A54-47B1-81E1-E59F971ECE29}.Release|x86.Build.0 = Release|Win32
	EndGlobalSection
	GlobalSection(SolutionProperties) = preSolution
		HideSolutionNode = FALSE
	EndGlobalSection
	GlobalSection(ExtensibilityGlobals) = postSolution
		SolutionGuid = {47C76725-0376-42D7-A183-E707857DA53A}
	EndGlobalSection
EndGlobal
